<?xml version="1.0" encoding="utf-8"?>
<Project ToolsVersion="4.0" xmlns="http://schemas.microsoft.com/developer/msbuild/2003">
  <ItemGroup>
    <ClCompile Include="Source\GetFactorial.cpp" />
    <ClCompile Include="InputValidation\clearAndIgnoreLine.cpp" />
    <ClCompile Include="InputValidation\extraneousInput.cpp" />
    <ClCompile Include="InputValidation\inputFailedExtraction.cpp" />
    <ClCompile Include="InputValidation\inputInvalid.cpp" />
  </ItemGroup>
  <ItemGroup>
    <ClInclude Include="InputValidation\InputValidation.h" />
  </ItemGroup>
</Project>